{
  "requires": true,
  "lockfileVersion": 1,
  "dependencies": {
    "mapwize": {
      "version": "3.4.1",
      "resolved": "https://registry.npmjs.org/mapwize/-/mapwize-3.4.1.tgz",
      "integrity": "sha512-UJBjw3m7o7cBWacknZ54F7X5QkbCjz70AX/+6ftRDm1iy8+z2L8Z8SfpNq3ADhRWOj0WRXVZrkTRO8TO+UgEeg=="
    },
    "mapwize-ui": {
      "version": "1.0.6",
      "resolved": "https://registry.npmjs.org/mapwize-ui/-/mapwize-ui-1.0.6.tgz",
      "integrity": "sha512-O6liMgpchsAGH1E38dX9lWXTbn8aR6DP1Nj0d5miJ0TbjsbZp7buAUfTt08CaQeb8wY0fxjP3kLdWkZKeFMgIQ=="
    }
  }
}
